
Microsoft Visual Studio Solution File, Format Version 12.00
# Visual Studio Version 16
VisualStudioVersion = 16.0.30225.117
MinimumVisualStudioVersion = 10.0.40219.1
Project("{FAE04EC0-301F-11D3-BF4B-00C04F79EFBC}") = "CommandSample", "CommandSample\CommandSample.csproj", "{28C72F9F-AA0D-48E9-A3C0-25E8018FE6F5}"
EndProject
Project("{FAE04EC0-301F-11D3-BF4B-00C04F79EFBC}") = "CompositeCommandsCore", "CompositeCommandsCore\CompositeCommandsCore.csproj", "{2F38284C-35D3-46C2-B35E-D963FF253076}"
EndProject
Project("{FAE04EC0-301F-11D3-BF4B-00C04F79EFBC}") = "CompositeCommandsSample", "CompositeCommandsSample\CompositeCommandsSample.csproj", "{C7013DC6-F45E-4D74-A8F6-47AEFF19C4B1}"
EndProject
Global
	GlobalSection(SolutionConfigurationPlatforms) = preSolution
		Debug|Any CPU = Debug|Any CPU
		Release|Any CPU = Release|Any CPU
	EndGlobalSection
	GlobalSection(ProjectConfigurationPlatforms) = postSolution
		{28C72F9F-AA0D-48E9-A3C0-25E8018FE6F5}.Debug|Any CPU.ActiveCfg = Debug|Any CPU
		{28C72F9F-AA0D-48E9-A3C0-25E8018FE6F5}.Debug|Any CPU.Build.0 = Debug|Any CPU
		{28C72F9F-AA0D-48E9-A3C0-25E8018FE6F5}.Release|Any CPU.ActiveCfg = Release|Any CPU
		{28C72F9F-AA0D-48E9-A3C0-25E8018FE6F5}.Release|Any CPU.Build.0 = Release|Any CPU
		{2F38284C-35D3-46C2-B35E-D963FF253076}.Debug|Any CPU.ActiveCfg = Debug|Any CPU
		{2F38284C-35D3-46C2-B35E-D963FF253076}.Debug|Any CPU.Build.0 = Debug|Any CPU
		{2F38284C-35D3-46C2-B35E-D963FF253076}.Release|Any CPU.ActiveCfg = Release|Any CPU
		{2F38284C-35D3-46C2-B35E-D963FF253076}.Release|Any CPU.Build.0 = Release|Any CPU
		{C7013DC6-F45E-4D74-A8F6-47AEFF19C4B1}.Debug|Any CPU.ActiveCfg = Debug|Any CPU
		{C7013DC6-F45E-4D74-A8F6-47AEFF19C4B1}.Debug|Any CPU.Build.0 = Debug|Any CPU
		{C7013DC6-F45E-4D74-A8F6-47AEFF19C4B1}.Release|Any CPU.ActiveCfg = Release|Any CPU
		{C7013DC6-F45E-4D74-A8F6-47AEFF19C4B1}.Release|Any CPU.Build.0 = Release|Any CPU
	EndGlobalSection
	GlobalSection(SolutionProperties) = preSolution
		HideSolutionNode = FALSE
	EndGlobalSection
	GlobalSection(ExtensibilityGlobals) = postSolution
		SolutionGuid = {B9D8E25D-7C98-4A6C-AADC-01AD7C7E3734}
	EndGlobalSection
EndGlobal
