
Microsoft Visual Studio Solution File, Format Version 12.00
# Visual Studio Version 16
VisualStudioVersion = 16.0.30225.117
MinimumVisualStudioVersion = 10.0.40219.1
Project("{FAE04EC0-301F-11D3-BF4B-00C04F79EFBC}") = "PrismSample", "PrismSample\PrismSample.csproj", "{1F51957A-F767-4CA4-9D26-2E7CE3E83D19}"
EndProject
Global
	GlobalSection(SolutionConfigurationPlatforms) = preSolution
		Debug|Any CPU = Debug|Any CPU
		Release|Any CPU = Release|Any CPU
	EndGlobalSection
	GlobalSection(ProjectConfigurationPlatforms) = postSolution
		{1F51957A-F767-4CA4-9D26-2E7CE3E83D19}.Debug|Any CPU.ActiveCfg = Debug|Any CPU
		{1F51957A-F767-4CA4-9D26-2E7CE3E83D19}.Debug|Any CPU.Build.0 = Debug|Any CPU
		{1F51957A-F767-4CA4-9D26-2E7CE3E83D19}.Release|Any CPU.ActiveCfg = Release|Any CPU
		{1F51957A-F767-4CA4-9D26-2E7CE3E83D19}.Release|Any CPU.Build.0 = Release|Any CPU
	EndGlobalSection
	GlobalSection(SolutionProperties) = preSolution
		HideSolutionNode = FALSE
	EndGlobalSection
	GlobalSection(ExtensibilityGlobals) = postSolution
		SolutionGuid = {0DBD9E5F-E586-48C3-AE23-8D9C8B61AE13}
	EndGlobalSection
EndGlobal
